// !$*UTF8*$!
{
	archiveVersion = 1;
	classes = {
	};
	objectVersion = 55;
	objects = {

/* Begin PBXBuildFile section */
		A5428950289CE330001873A5 /* LandmarksApp.swift in Sources */ = {isa = PBXBuildFile; fileRef = A542894F289CE330001873A5 /* LandmarksApp.swift */; };
		A5428952289CE330001873A5 /* ContentView.swift in Sources */ = {isa = PBXBuildFile; fileRef = A5428951289CE330001873A5 /* ContentView.swift */; };
		A5428954289CE332001873A5 /* Assets.xcassets in Resources */ = {isa = PBXBuildFile; fileRef = A5428953289CE332001873A5 /* Assets.xcassets */; };
		A5428957289CE332001873A5 /* Preview Assets.xcassets in Resources */ = {isa = PBXBuildFile; fileRef = A5428956289CE332001873A5 /* Preview Assets.xcassets */; };
		A5428961289CE332001873A5 /* LandmarksTests.swift in Sources */ = {isa = PBXBuildFile; fileRef = A5428960289CE332001873A5 /* LandmarksTests.swift */; };
		A542896B289CE332001873A5 /* LandmarksUITests.swift in Sources */ = {isa = PBXBuildFile; fileRef = A542896A289CE332001873A5 /* LandmarksUITests.swift */; };
		A542896D289CE332001873A5 /* LandmarksUITestsLaunchTests.swift in Sources */ = {isa = PBXBuildFile; fileRef = A542896C289CE332001873A5 /* LandmarksUITestsLaunchTests.swift */; };
		A542897A289D0E39001873A5 /* CircleImage.swift in Sources */ = {isa = PBXBuildFile; fileRef = A5428979289D0E39001873A5 /* CircleImage.swift */; };
		A5621CB628B252F600F76423 /* LandmarkDetail.swift in Sources */ = {isa = PBXBuildFile; fileRef = A5621CB528B252F600F76423 /* LandmarkDetail.swift */; };
		A5BBDA1A28A08F02003F212F /* landmarkData.json in Resources */ = {isa = PBXBuildFile; fileRef = A5BBDA1928A08F02003F212F /* landmarkData.json */; };
		A5BBDA2228A0936D003F212F /* Landmark.swift in Sources */ = {isa = PBXBuildFile; fileRef = A5BBDA2128A0936D003F212F /* Landmark.swift */; };
		A5BBDA2428A09FA3003F212F /* ModelData.swift in Sources */ = {isa = PBXBuildFile; fileRef = A5BBDA2328A09FA3003F212F /* ModelData.swift */; };
		A5BBDA2628A22B84003F212F /* LandmarkRow.swift in Sources */ = {isa = PBXBuildFile; fileRef = A5BBDA2528A22B84003F212F /* LandmarkRow.swift */; };
		A5BBDA2828A35764003F212F /* LandmarkList.swift in Sources */ = {isa = PBXBuildFile; fileRef = A5BBDA2728A35764003F212F /* LandmarkList.swift */; };
		A5BECCB2289D279C000EEEA5 /* MapView.swift in Sources */ = {isa = PBXBuildFile; fileRef = A5BECCB1289D279C000EEEA5 /* MapView.swift */; };
		A5C7604828B8146D000EE50B /* FavoriteButton.swift in Sources */ = {isa = PBXBuildFile; fileRef = A5C7604728B8146D000EE50B /* FavoriteButton.swift */; };
		A5E7E86F28D7684F003797D5 /* HexagonParameters.swift in Sources */ = {isa = PBXBuildFile; fileRef = A5E7E86E28D7684F003797D5 /* HexagonParameters.swift */; };
		A5E7E87128D7731C003797D5 /* BadgeBackground.swift in Sources */ = {isa = PBXBuildFile; fileRef = A5E7E87028D7731C003797D5 /* BadgeBackground.swift */; };
		A5E7E87328DA1484003797D5 /* BadgeSymbol.swift in Sources */ = {isa = PBXBuildFile; fileRef = A5E7E87228DA1484003797D5 /* BadgeSymbol.swift */; };
		A5E7E87528DA196D003797D5 /* RotatedBadgeSymbol.swift in Sources */ = {isa = PBXBuildFile; fileRef = A5E7E87428DA196D003797D5 /* RotatedBadgeSymbol.swift */; };
/* End PBXBuildFile section */

/* Begin PBXContainerItemProxy section */
		A542895D289CE332001873A5 /* PBXContainerItemProxy */ = {
			isa = PBXContainerItemProxy;
			containerPortal = A5428944289CE330001873A5 /* Project object */;
			proxyType = 1;
			remoteGlobalIDString = A542894B289CE330001873A5;
			remoteInfo = Landmarks;
		};
		A5428967289CE332001873A5 /* PBXContainerItemProxy */ = {
			isa = PBXContainerItemProxy;
			containerPortal = A5428944289CE330001873A5 /* Project object */;
			proxyType = 1;
			remoteGlobalIDString = A542894B289CE330001873A5;
			remoteInfo = Landmarks;
		};
/* End PBXContainerItemProxy section */

/* Begin PBXFileReference section */
		A542894C289CE330001873A5 /* Landmarks.app */ = {isa = PBXFileReference; explicitFileType = wrapper.application; includeInIndex = 0; path = Landmarks.app; sourceTree = BUILT_PRODUCTS_DIR; };
		A542894F289CE330001873A5 /* LandmarksApp.swift */ = {isa = PBXFileReference; lastKnownFileType = sourcecode.swift; path = LandmarksApp.swift; sourceTree = "<group>"; };
		A5428951289CE330001873A5 /* ContentView.swift */ = {isa = PBXFileReference; lastKnownFileType = sourcecode.swift; path = ContentView.swift; sourceTree = "<group>"; };
		A5428953289CE332001873A5 /* Assets.xcassets */ = {isa = PBXFileReference; lastKnownFileType = folder.assetcatalog; path = Assets.xcassets; sourceTree = "<group>"; };
		A5428956289CE332001873A5 /* Preview Assets.xcassets */ = {isa = PBXFileReference; lastKnownFileType = folder.assetcatalog; path = "Preview Assets.xcassets"; sourceTree = "<group>"; };
		A542895C289CE332001873A5 /* LandmarksTests.xctest */ = {isa = PBXFileReference; explicitFileType = wrapper.cfbundle; includeInIndex = 0; path = LandmarksTests.xctest; sourceTree = BUILT_PRODUCTS_DIR; };
		A5428960289CE332001873A5 /* LandmarksTests.swift */ = {isa = PBXFileReference; lastKnownFileType = sourcecode.swift; path = LandmarksTests.swift; sourceTree = "<group>"; };
		A5428966289CE332001873A5 /* LandmarksUITests.xctest */ = {isa = PBXFileReference; explicitFileType = wrapper.cfbundle; includeInIndex = 0; path = LandmarksUITests.xctest; sourceTree = BUILT_PRODUCTS_DIR; };
		A542896A289CE332001873A5 /* LandmarksUITests.swift */ = {isa = PBXFileReference; lastKnownFileType = sourcecode.swift; path = LandmarksUITests.swift; sourceTree = "<group>"; };
		A542896C289CE332001873A5 /* LandmarksUITestsLaunchTests.swift */ = {isa = PBXFileReference; lastKnownFileType = sourcecode.swift; path = LandmarksUITestsLaunchTests.swift; sourceTree = "<group>"; };
		A5428979289D0E39001873A5 /* CircleImage.swift */ = {isa = PBXFileReference; lastKnownFileType = sourcecode.swift; path = CircleImage.swift; sourceTree = "<group>"; };
		A5621CB528B252F600F76423 /* LandmarkDetail.swift */ = {isa = PBXFileReference; lastKnownFileType = sourcecode.swift; path = LandmarkDetail.swift; sourceTree = "<group>"; };
		A5BBDA1928A08F02003F212F /* landmarkData.json */ = {isa = PBXFileReference; fileEncoding = 4; lastKnownFileType = text.json; path = landmarkData.json; sourceTree = "<group>"; };
		A5BBDA2128A0936D003F212F /* Landmark.swift */ = {isa = PBXFileReference; lastKnownFileType = sourcecode.swift; path = Landmark.swift; sourceTree = "<group>"; };
		A5BBDA2328A09FA3003F212F /* ModelData.swift */ = {isa = PBXFileReference; lastKnownFileType = sourcecode.swift; path = ModelData.swift; sourceTree = "<group>"; };
		A5BBDA2528A22B84003F212F /* LandmarkRow.swift */ = {isa = PBXFileReference; lastKnownFileType = sourcecode.swift; path = LandmarkRow.swift; sourceTree = "<group>"; };
		A5BBDA2728A35764003F212F /* LandmarkList.swift */ = {isa = PBXFileReference; lastKnownFileType = sourcecode.swift; path = LandmarkList.swift; sourceTree = "<group>"; };
		A5BECCB1289D279C000EEEA5 /* MapView.swift */ = {isa = PBXFileReference; lastKnownFileType = sourcecode.swift; path = MapView.swift; sourceTree = "<group>"; };
		A5C7604728B8146D000EE50B /* FavoriteButton.swift */ = {isa = PBXFileReference; lastKnownFileType = sourcecode.swift; path = FavoriteButton.swift; sourceTree = "<group>"; };
		A5E7E86E28D7684F003797D5 /* HexagonParameters.swift */ = {isa = PBXFileReference; lastKnownFileType = sourcecode.swift; path = HexagonParameters.swift; sourceTree = "<group>"; };
		A5E7E87028D7731C003797D5 /* BadgeBackground.swift */ = {isa = PBXFileReference; lastKnownFileType = sourcecode.swift; path = BadgeBackground.swift; sourceTree = "<group>"; };
		A5E7E87228DA1484003797D5 /* BadgeSymbol.swift */ = {isa = PBXFileReference; lastKnownFileType = sourcecode.swift; path = BadgeSymbol.swift; sourceTree = "<group>"; };
		A5E7E87428DA196D003797D5 /* RotatedBadgeSymbol.swift */ = {isa = PBXFileReference; lastKnownFileType = sourcecode.swift; path = RotatedBadgeSymbol.swift; sourceTree = "<group>"; };
/* End PBXFileReference section */

/* Begin PBXFrameworksBuildPhase section */
		A5428949289CE330001873A5 /* Frameworks */ = {
			isa = PBXFrameworksBuildPhase;
			buildActionMask = 2147483647;
			files = (
			);
			runOnlyForDeploymentPostprocessing = 0;
		};
		A5428959289CE332001873A5 /* Frameworks */ = {
			isa = PBXFrameworksBuildPhase;
			buildActionMask = 2147483647;
			files = (
			);
			runOnlyForDeploymentPostprocessing = 0;
		};
		A5428963289CE332001873A5 /* Frameworks */ = {
			isa = PBXFrameworksBuildPhase;
			buildActionMask = 2147483647;
			files = (
			);
			runOnlyForDeploymentPostprocessing = 0;
		};
/* End PBXFrameworksBuildPhase section */

/* Begin PBXGroup section */
		A5428943289CE330001873A5 = {
			isa = PBXGroup;
			children = (
				A542894E289CE330001873A5 /* Landmarks */,
				A5428953289CE332001873A5 /* Assets.xcassets */,
				A542895F289CE332001873A5 /* LandmarksTests */,
				A5428969289CE332001873A5 /* LandmarksUITests */,
				A542894D289CE330001873A5 /* Products */,
			);
			sourceTree = "<group>";
		};
		A542894D289CE330001873A5 /* Products */ = {
			isa = PBXGroup;
			children = (
				A542894C289CE330001873A5 /* Landmarks.app */,
				A542895C289CE332001873A5 /* LandmarksTests.xctest */,
				A5428966289CE332001873A5 /* LandmarksUITests.xctest */,
			);
			name = Products;
			sourceTree = "<group>";
		};
		A542894E289CE330001873A5 /* Landmarks */ = {
			isa = PBXGroup;
			children = (
				A542894F289CE330001873A5 /* LandmarksApp.swift */,
				A5BBDA2028A09332003F212F /* Models */,
				A5428955289CE332001873A5 /* Preview Content */,
				A5BBDA1828A08EC7003F212F /* Resources */,
				A5BECCB0289D1B5F000EEEA5 /* Views */,
			);
			path = Landmarks;
			sourceTree = "<group>";
		};
		A5428955289CE332001873A5 /* Preview Content */ = {
			isa = PBXGroup;
			children = (
				A5428956289CE332001873A5 /* Preview Assets.xcassets */,
			);
			path = "Preview Content";
			sourceTree = "<group>";
		};
		A542895F289CE332001873A5 /* LandmarksTests */ = {
			isa = PBXGroup;
			children = (
				A5428960289CE332001873A5 /* LandmarksTests.swift */,
			);
			path = LandmarksTests;
			sourceTree = "<group>";
		};
		A5428969289CE332001873A5 /* LandmarksUITests */ = {
			isa = PBXGroup;
			children = (
				A542896A289CE332001873A5 /* LandmarksUITests.swift */,
				A542896C289CE332001873A5 /* LandmarksUITestsLaunchTests.swift */,
			);
			path = LandmarksUITests;
			sourceTree = "<group>";
		};
		A5BBDA1828A08EC7003F212F /* Resources */ = {
			isa = PBXGroup;
			children = (
				A5BBDA1928A08F02003F212F /* landmarkData.json */,
			);
			path = Resources;
			sourceTree = "<group>";
		};
		A5BBDA2028A09332003F212F /* Models */ = {
			isa = PBXGroup;
			children = (
				A5BBDA2128A0936D003F212F /* Landmark.swift */,
				A5BBDA2328A09FA3003F212F /* ModelData.swift */,
			);
			path = Models;
			sourceTree = "<group>";
		};
		A5BECCB0289D1B5F000EEEA5 /* Views */ = {
			isa = PBXGroup;
			children = (
				A5C7604A28B81E32000EE50B /* Helpers */,
				A5C7604928B81D41000EE50B /* Landmarks */,
				A5E7E86E28D7684F003797D5 /* HexagonParameters.swift */,
				A5E7E87028D7731C003797D5 /* BadgeBackground.swift */,
				A5E7E87228DA1484003797D5 /* BadgeSymbol.swift */,
				A5E7E87428DA196D003797D5 /* RotatedBadgeSymbol.swift */,
			);
			path = Views;
			sourceTree = "<group>";
		};
		A5C7604928B81D41000EE50B /* Landmarks */ = {
			isa = PBXGroup;
			children = (
				A5BBDA2528A22B84003F212F /* LandmarkRow.swift */,
				A5BBDA2728A35764003F212F /* LandmarkList.swift */,
				A5621CB528B252F600F76423 /* LandmarkDetail.swift */,
			);
			path = Landmarks;
			sourceTree = "<group>";
		};
		A5C7604A28B81E32000EE50B /* Helpers */ = {
			isa = PBXGroup;
			children = (
				A5C7604728B8146D000EE50B /* FavoriteButton.swift */,
				A5428951289CE330001873A5 /* ContentView.swift */,
				A5428979289D0E39001873A5 /* CircleImage.swift */,
				A5BECCB1289D279C000EEEA5 /* MapView.swift */,
			);
			path = Helpers;
			sourceTree = "<group>";
		};
/* End PBXGroup section */

/* Begin PBXNativeTarget section */
		A542894B289CE330001873A5 /* Landmarks */ = {
			isa = PBXNativeTarget;
			buildConfigurationList = A5428970289CE332001873A5 /* Build configuration list for PBXNativeTarget "Landmarks" */;
			buildPhases = (
				A5428948289CE330001873A5 /* Sources */,
				A5428949289CE330001873A5 /* Frameworks */,
				A542894A289CE330001873A5 /* Resources */,
			);
			buildRules = (
			);
			dependencies = (
			);
			name = Landmarks;
			productName = Landmarks;
			productReference = A542894C289CE330001873A5 /* Landmarks.app */;
			productType = "com.apple.product-type.application";
		};
		A542895B289CE332001873A5 /* LandmarksTests */ = {
			isa = PBXNativeTarget;
			buildConfigurationList = A5428973289CE332001873A5 /* Build configuration list for PBXNativeTarget "LandmarksTests" */;
			buildPhases = (
				A5428958289CE332001873A5 /* Sources */,
				A5428959289CE332001873A5 /* Frameworks */,
				A542895A289CE332001873A5 /* Resources */,
			);
			buildRules = (
			);
			dependencies = (
				A542895E289CE332001873A5 /* PBXTargetDependency */,
			);
			name = LandmarksTests;
			productName = LandmarksTests;
			productReference = A542895C289CE332001873A5 /* LandmarksTests.xctest */;
			productType = "com.apple.product-type.bundle.unit-test";
		};
		A5428965289CE332001873A5 /* LandmarksUITests */ = {
			isa = PBXNativeTarget;
			buildConfigurationList = A5428976289CE332001873A5 /* Build configuration list for PBXNativeTarget "LandmarksUITests" */;
			buildPhases = (
				A5428962289CE332001873A5 /* Sources */,
				A5428963289CE332001873A5 /* Frameworks */,
				A5428964289CE332001873A5 /* Resources */,
			);
			buildRules = (
			);
			dependencies = (
				A5428968289CE332001873A5 /* PBXTargetDependency */,
			);
			name = LandmarksUITests;
			productName = LandmarksUITests;
			productReference = A5428966289CE332001873A5 /* LandmarksUITests.xctest */;
			productType = "com.apple.product-type.bundle.ui-testing";
		};
/* End PBXNativeTarget section */

/* Begin PBXProject section */
		A5428944289CE330001873A5 /* Project object */ = {
			isa = PBXProject;
			attributes = {
				BuildIndependentTargetsInParallel = 1;
				LastSwiftUpdateCheck = 1340;
				LastUpgradeCheck = 1340;
				TargetAttributes = {
					A542894B289CE330001873A5 = {
						CreatedOnToolsVersion = 13.4.1;
					};
					A542895B289CE332001873A5 = {
						CreatedOnToolsVersion = 13.4.1;
						TestTargetID = A542894B289CE330001873A5;
					};
					A5428965289CE332001873A5 = {
						CreatedOnToolsVersion = 13.4.1;
						TestTargetID = A542894B289CE330001873A5;
					};
				};
			};
			buildConfigurationList = A5428947289CE330001873A5 /* Build configuration list for PBXProject "Landmarks" */;
			compatibilityVersion = "Xcode 13.0";
			developmentRegion = en;
			hasScannedForEncodings = 0;
			knownRegions = (
				en,
				Base,
			);
			mainGroup = A5428943289CE330001873A5;
			productRefGroup = A542894D289CE330001873A5 /* Products */;
			projectDirPath = "";
			projectRoot = "";
			targets = (
				A542894B289CE330001873A5 /* Landmarks */,
				A542895B289CE332001873A5 /* LandmarksTests */,
				A5428965289CE332001873A5 /* LandmarksUITests */,
			);
		};
/* End PBXProject section */

/* Begin PBXResourcesBuildPhase section */
		A542894A289CE330001873A5 /* Resources */ = {
			isa = PBXResourcesBuildPhase;
			buildActionMask = 2147483647;
			files = (
				A5428957289CE332001873A5 /* Preview Assets.xcassets in Resources */,
				A5428954289CE332001873A5 /* Assets.xcassets in Resources */,
				A5BBDA1A28A08F02003F212F /* landmarkData.json in Resources */,
			);
			runOnlyForDeploymentPostprocessing = 0;
		};
		A542895A289CE332001873A5 /* Resources */ = {
			isa = PBXResourcesBuildPhase;
			buildActionMask = 2147483647;
			files = (
			);
			runOnlyForDeploymentPostprocessing = 0;
		};
		A5428964289CE332001873A5 /* Resources */ = {
			isa = PBXResourcesBuildPhase;
			buildActionMask = 2147483647;
			files = (
			);
			runOnlyForDeploymentPostprocessing = 0;
		};
/* End PBXResourcesBuildPhase section */

/* Begin PBXSourcesBuildPhase section */
		A5428948289CE330001873A5 /* Sources */ = {
			isa = PBXSourcesBuildPhase;
			buildActionMask = 2147483647;
			files = (
				A5428952289CE330001873A5 /* ContentView.swift in Sources */,
				A5BECCB2289D279C000EEEA5 /* MapView.swift in Sources */,
				A5428950289CE330001873A5 /* LandmarksApp.swift in Sources */,
				A5C7604828B8146D000EE50B /* FavoriteButton.swift in Sources */,
				A5E7E86F28D7684F003797D5 /* HexagonParameters.swift in Sources */,
				A5E7E87528DA196D003797D5 /* RotatedBadgeSymbol.swift in Sources */,
				A5E7E87328DA1484003797D5 /* BadgeSymbol.swift in Sources */,
				A5BBDA2828A35764003F212F /* LandmarkList.swift in Sources */,
				A5621CB628B252F600F76423 /* LandmarkDetail.swift in Sources */,
				A5E7E87128D7731C003797D5 /* BadgeBackground.swift in Sources */,
				A542897A289D0E39001873A5 /* CircleImage.swift in Sources */,
				A5BBDA2228A0936D003F212F /* Landmark.swift in Sources */,
				A5BBDA2628A22B84003F212F /* LandmarkRow.swift in Sources */,
				A5BBDA2428A09FA3003F212F /* ModelData.swift in Sources */,
			);
			runOnlyForDeploymentPostprocessing = 0;
		};
		A5428958289CE332001873A5 /* Sources */ = {
			isa = PBXSourcesBuildPhase;
			buildActionMask = 2147483647;
			files = (
				A5428961289CE332001873A5 /* LandmarksTests.swift in Sources */,
			);
			runOnlyForDeploymentPostprocessing = 0;
		};
		A5428962289CE332001873A5 /* Sources */ = {
			isa = PBXSourcesBuildPhase;
			buildActionMask = 2147483647;
			files = (
				A542896D289CE332001873A5 /* LandmarksUITestsLaunchTests.swift in Sources */,
				A542896B289CE332001873A5 /* LandmarksUITests.swift in Sources */,
			);
			runOnlyForDeploymentPostprocessing = 0;
		};
/* End PBXSourcesBuildPhase section */

/* Begin PBXTargetDependency section */
		A542895E289CE332001873A5 /* PBXTargetDependency */ = {
			isa = PBXTargetDependency;
			target = A542894B289CE330001873A5 /* Landmarks */;
			targetProxy = A542895D289CE332001873A5 /* PBXContainerItemProxy */;
		};
		A5428968289CE332001873A5 /* PBXTargetDependency */ = {
			isa = PBXTargetDependency;
			target = A542894B289CE330001873A5 /* Landmarks */;
			targetProxy = A5428967289CE332001873A5 /* PBXContainerItemProxy */;
		};
/* End PBXTargetDependency section */

/* Begin XCBuildConfiguration section */
		A542896E289CE332001873A5 /* Debug */ = {
			isa = XCBuildConfiguration;
			buildSettings = {
				ALWAYS_SEARCH_USER_PATHS = NO;
				CLANG_ANALYZER_NONNULL = YES;
				CLANG_ANALYZER_NUMBER_OBJECT_CONVERSION = YES_AGGRESSIVE;
				CLANG_CXX_LANGUAGE_STANDARD = "gnu++17";
				CLANG_ENABLE_MODULES = YES;
				CLANG_ENABLE_OBJC_ARC = YES;
				CLANG_ENABLE_OBJC_WEAK = YES;
				CLANG_WARN_BLOCK_CAPTURE_AUTORELEASING = YES;
				CLANG_WARN_BOOL_CONVERSION = YES;
				CLANG_WARN_COMMA = YES;
				CLANG_WARN_CONSTANT_CONVERSION = YES;
				CLANG_WARN_DEPRECATED_OBJC_IMPLEMENTATIONS = YES;
				CLANG_WARN_DIRECT_OBJC_ISA_USAGE = YES_ERROR;
				CLANG_WARN_DOCUMENTATION_COMMENTS = YES;
				CLANG_WARN_EMPTY_BODY = YES;
				CLANG_WARN_ENUM_CONVERSION = YES;
				CLANG_WARN_INFINITE_RECURSION = YES;
				CLANG_WARN_INT_CONVERSION = YES;
				CLANG_WARN_NON_LITERAL_NULL_CONVERSION = YES;
				CLANG_WARN_OBJC_IMPLICIT_RETAIN_SELF = YES;
				CLANG_WARN_OBJC_LITERAL_CONVERSION = YES;
				CLANG_WARN_OBJC_ROOT_CLASS = YES_ERROR;
				CLANG_WARN_QUOTED_INCLUDE_IN_FRAMEWORK_HEADER = YES;
				CLANG_WARN_RANGE_LOOP_ANALYSIS = YES;
				CLANG_WARN_STRICT_PROTOTYPES = YES;
				CLANG_WARN_SUSPICIOUS_MOVE = YES;
				CLANG_WARN_UNGUARDED_AVAILABILITY = YES_AGGRESSIVE;
				CLANG_WARN_UNREACHABLE_CODE = YES;
				CLANG_WARN__DUPLICATE_METHOD_MATCH = YES;
				COPY_PHASE_STRIP = NO;
				DEBUG_INFORMATION_FORMAT = dwarf;
				ENABLE_STRICT_OBJC_MSGSEND = YES;
				ENABLE_TESTABILITY = YES;
				GCC_C_LANGUAGE_STANDARD = gnu11;
				GCC_DYNAMIC_NO_PIC = NO;
				GCC_NO_COMMON_BLOCKS = YES;
				GCC_OPTIMIZATION_LEVEL = 0;
				GCC_PREPROCESSOR_DEFINITIONS = (
					"DEBUG=1",
					"$(inherited)",
				);
				GCC_WARN_64_TO_32_BIT_CONVERSION = YES;
				GCC_WARN_ABOUT_RETURN_TYPE = YES_ERROR;
				GCC_WARN_UNDECLARED_SELECTOR = YES;
				GCC_WARN_UNINITIALIZED_AUTOS = YES_AGGRESSIVE;
				GCC_WARN_UNUSED_FUNCTION = YES;
				GCC_WARN_UNUSED_VARIABLE = YES;
				IPHONEOS_DEPLOYMENT_TARGET = 15.5;
				MTL_ENABLE_DEBUG_INFO = INCLUDE_SOURCE;
				MTL_FAST_MATH = YES;
				ONLY_ACTIVE_ARCH = YES;
				SDKROOT = iphoneos;
				SWIFT_ACTIVE_COMPILATION_CONDITIONS = DEBUG;
				SWIFT_OPTIMIZATION_LEVEL = "-Onone";
			};
			name = Debug;
		};
		A542896F289CE332001873A5 /* Release */ = {
			isa = XCBuildConfiguration;
			buildSettings = {
				ALWAYS_SEARCH_USER_PATHS = NO;
				CLANG_ANALYZER_NONNULL = YES;
				CLANG_ANALYZER_NUMBER_OBJECT_CONVERSION = YES_AGGRESSIVE;
				CLANG_CXX_LANGUAGE_STANDARD = "gnu++17";
				CLANG_ENABLE_MODULES = YES;
				CLANG_ENABLE_OBJC_ARC = YES;
				CLANG_ENABLE_OBJC_WEAK = YES;
				CLANG_WARN_BLOCK_CAPTURE_AUTORELEASING = YES;
				CLANG_WARN_BOOL_CONVERSION = YES;
				CLANG_WARN_COMMA = YES;
				CLANG_WARN_CONSTANT_CONVERSION = YES;
				CLANG_WARN_DEPRECATED_OBJC_IMPLEMENTATIONS = YES;
				CLANG_WARN_DIRECT_OBJC_ISA_USAGE = YES_ERROR;
				CLANG_WARN_DOCUMENTATION_COMMENTS = YES;
				CLANG_WARN_EMPTY_BODY = YES;
				CLANG_WARN_ENUM_CONVERSION = YES;
				CLANG_WARN_INFINITE_RECURSION = YES;
				CLANG_WARN_INT_CONVERSION = YES;
				CLANG_WARN_NON_LITERAL_NULL_CONVERSION = YES;
				CLANG_WARN_OBJC_IMPLICIT_RETAIN_SELF = YES;
				CLANG_WARN_OBJC_LITERAL_CONVERSION = YES;
				CLANG_WARN_OBJC_ROOT_CLASS = YES_ERROR;
				CLANG_WARN_QUOTED_INCLUDE_IN_FRAMEWORK_HEADER = YES;
				CLANG_WARN_RANGE_LOOP_ANALYSIS = YES;
				CLANG_WARN_STRICT_PROTOTYPES = YES;
				CLANG_WARN_SUSPICIOUS_MOVE = YES;
				CLANG_WARN_UNGUARDED_AVAILABILITY = YES_AGGRESSIVE;
				CLANG_WARN_UNREACHABLE_CODE = YES;
				CLANG_WARN__DUPLICATE_METHOD_MATCH = YES;
				COPY_PHASE_STRIP = NO;
				DEBUG_INFORMATION_FORMAT = "dwarf-with-dsym";
				ENABLE_NS_ASSERTIONS = NO;
				ENABLE_STRICT_OBJC_MSGSEND = YES;
				GCC_C_LANGUAGE_STANDARD = gnu11;
				GCC_NO_COMMON_BLOCKS = YES;
				GCC_WARN_64_TO_32_BIT_CONVERSION = YES;
				GCC_WARN_ABOUT_RETURN_TYPE = YES_ERROR;
				GCC_WARN_UNDECLARED_SELECTOR = YES;
				GCC_WARN_UNINITIALIZED_AUTOS = YES_AGGRESSIVE;
				GCC_WARN_UNUSED_FUNCTION = YES;
				GCC_WARN_UNUSED_VARIABLE = YES;
				IPHONEOS_DEPLOYMENT_TARGET = 15.5;
				MTL_ENABLE_DEBUG_INFO = NO;
				MTL_FAST_MATH = YES;
				SDKROOT = iphoneos;
				SWIFT_COMPILATION_MODE = wholemodule;
				SWIFT_OPTIMIZATION_LEVEL = "-O";
				VALIDATE_PRODUCT = YES;
			};
			name = Release;
		};
		A5428971289CE332001873A5 /* Debug */ = {
			isa = XCBuildConfiguration;
			buildSettings = {
				ASSETCATALOG_COMPILER_APPICON_NAME = AppIcon;
				ASSETCATALOG_COMPILER_GLOBAL_ACCENT_COLOR_NAME = AccentColor;
				CODE_SIGN_STYLE = Automatic;
				CURRENT_PROJECT_VERSION = 1;
				DEVELOPMENT_ASSET_PATHS = "\"Landmarks/Preview Content\"";
				ENABLE_PREVIEWS = YES;
				GENERATE_INFOPLIST_FILE = YES;
				INFOPLIST_KEY_UIApplicationSceneManifest_Generation = YES;
				INFOPLIST_KEY_UIApplicationSupportsIndirectInputEvents = YES;
				INFOPLIST_KEY_UILaunchScreen_Generation = YES;
				INFOPLIST_KEY_UISupportedInterfaceOrientations_iPad = "UIInterfaceOrientationPortrait UIInterfaceOrientationPortraitUpsideDown UIInterfaceOrientationLandscapeLeft UIInterfaceOrientationLandscapeRight";
				INFOPLIST_KEY_UISupportedInterfaceOrientations_iPhone = "UIInterfaceOrientationPortrait UIInterfaceOrientationLandscapeLeft UIInterfaceOrientationLandscapeRight";
				LD_RUNPATH_SEARCH_PATHS = (
					"$(inherited)",
					"@executable_path/Frameworks",
				);
				MARKETING_VERSION = 1.0;
				PRODUCT_BUNDLE_IDENTIFIER = com.tsubasa.Landmarks;
				PRODUCT_NAME = "$(TARGET_NAME)";
				SWIFT_EMIT_LOC_STRINGS = YES;
				SWIFT_VERSION = 5.0;
				TARGETED_DEVICE_FAMILY = "1,2";
			};
			name = Debug;
		};
		A5428972289CE332001873A5 /* Release */ = {
			isa = XCBuildConfiguration;
			buildSettings = {
				ASSETCATALOG_COMPILER_APPICON_NAME = AppIcon;
				ASSETCATALOG_COMPILER_GLOBAL_ACCENT_COLOR_NAME = AccentColor;
				CODE_SIGN_STYLE = Automatic;
				CURRENT_PROJECT_VERSION = 1;
				DEVELOPMENT_ASSET_PATHS = "\"Landmarks/Preview Content\"";
				ENABLE_PREVIEWS = YES;
				GENERATE_INFOPLIST_FILE = YES;
				INFOPLIST_KEY_UIApplicationSceneManifest_Generation = YES;
				INFOPLIST_KEY_UIApplicationSupportsIndirectInputEvents = YES;
				INFOPLIST_KEY_UILaunchScreen_Generation = YES;
				INFOPLIST_KEY_UISupportedInterfaceOrientations_iPad = "UIInterfaceOrientationPortrait UIInterfaceOrientationPortraitUpsideDown UIInterfaceOrientationLandscapeLeft UIInterfaceOrientationLandscapeRight";
				INFOPLIST_KEY_UISupportedInterfaceOrientations_iPhone = "UIInterfaceOrientationPortrait UIInterfaceOrientationLandscapeLeft UIInterfaceOrientationLandscapeRight";
				LD_RUNPATH_SEARCH_PATHS = (
					"$(inherited)",
					"@executable_path/Frameworks",
				);
				MARKETING_VERSION = 1.0;
				PRODUCT_BUNDLE_IDENTIFIER = com.tsubasa.Landmarks;
				PRODUCT_NAME = "$(TARGET_NAME)";
				SWIFT_EMIT_LOC_STRINGS = YES;
				SWIFT_VERSION = 5.0;
				TARGETED_DEVICE_FAMILY = "1,2";
			};
			name = Release;
		};
		A5428974289CE332001873A5 /* Debug */ = {
			isa = XCBuildConfiguration;
			buildSettings = {
				ALWAYS_EMBED_SWIFT_STANDARD_LIBRARIES = YES;
				BUNDLE_LOADER = "$(TEST_HOST)";
				CODE_SIGN_STYLE = Automatic;
				CURRENT_PROJECT_VERSION = 1;
				GENERATE_INFOPLIST_FILE = YES;
				IPHONEOS_DEPLOYMENT_TARGET = 15.5;
				MARKETING_VERSION = 1.0;
				PRODUCT_BUNDLE_IDENTIFIER = com.tsubasa.LandmarksTests;
				PRODUCT_NAME = "$(TARGET_NAME)";
				SWIFT_EMIT_LOC_STRINGS = NO;
				SWIFT_VERSION = 5.0;
				TARGETED_DEVICE_FAMILY = "1,2";
				TEST_HOST = "$(BUILT_PRODUCTS_DIR)/Landmarks.app/Landmarks";
			};
			name = Debug;
		};
		A5428975289CE332001873A5 /* Release */ = {
			isa = XCBuildConfiguration;
			buildSettings = {
				ALWAYS_EMBED_SWIFT_STANDARD_LIBRARIES = YES;
				BUNDLE_LOADER = "$(TEST_HOST)";
				CODE_SIGN_STYLE = Automatic;
				CURRENT_PROJECT_VERSION = 1;
				GENERATE_INFOPLIST_FILE = YES;
				IPHONEOS_DEPLOYMENT_TARGET = 15.5;
				MARKETING_VERSION = 1.0;
				PRODUCT_BUNDLE_IDENTIFIER = com.tsubasa.LandmarksTests;
				PRODUCT_NAME = "$(TARGET_NAME)";
				SWIFT_EMIT_LOC_STRINGS = NO;
				SWIFT_VERSION = 5.0;
				TARGETED_DEVICE_FAMILY = "1,2";
				TEST_HOST = "$(BUILT_PRODUCTS_DIR)/Landmarks.app/Landmarks";
			};
			name = Release;
		};
		A5428977289CE332001873A5 /* Debug */ = {
			isa = XCBuildConfiguration;
			buildSettings = {
				ALWAYS_EMBED_SWIFT_STANDARD_LIBRARIES = YES;
				CODE_SIGN_STYLE = Automatic;
				CURRENT_PROJECT_VERSION = 1;
				GENERATE_INFOPLIST_FILE = YES;
				MARKETING_VERSION = 1.0;
				PRODUCT_BUNDLE_IDENTIFIER = com.tsubasa.LandmarksUITests;
				PRODUCT_NAME = "$(TARGET_NAME)";
				SWIFT_EMIT_LOC_STRINGS = NO;
				SWIFT_VERSION = 5.0;
				TARGETED_DEVICE_FAMILY = "1,2";
				TEST_TARGET_NAME = Landmarks;
			};
			name = Debug;
		};
		A5428978289CE332001873A5 /* Release */ = {
			isa = XCBuildConfiguration;
			buildSettings = {
				ALWAYS_EMBED_SWIFT_STANDARD_LIBRARIES = YES;
				CODE_SIGN_STYLE = Automatic;
				CURRENT_PROJECT_VERSION = 1;
				GENERATE_INFOPLIST_FILE = YES;
				MARKETING_VERSION = 1.0;
				PRODUCT_BUNDLE_IDENTIFIER = com.tsubasa.LandmarksUITests;
				PRODUCT_NAME = "$(TARGET_NAME)";
				SWIFT_EMIT_LOC_STRINGS = NO;
				SWIFT_VERSION = 5.0;
				TARGETED_DEVICE_FAMILY = "1,2";
				TEST_TARGET_NAME = Landmarks;
			};
			name = Release;
		};
/* End XCBuildConfiguration section */

/* Begin XCConfigurationList section */
		A5428947289CE330001873A5 /* Build configuration list for PBXProject "Landmarks" */ = {
			isa = XCConfigurationList;
			buildConfigurations = (
				A542896E289CE332001873A5 /* Debug */,
				A542896F289CE332001873A5 /* Release */,
			);
			defaultConfigurationIsVisible = 0;
			defaultConfigurationName = Release;
		};
		A5428970289CE332001873A5 /* Build configuration list for PBXNativeTarget "Landmarks" */ = {
			isa = XCConfigurationList;
			buildConfigurations = (
				A5428971289CE332001873A5 /* Debug */,
				A5428972289CE332001873A5 /* Release */,
			);
			defaultConfigurationIsVisible = 0;
			defaultConfigurationName = Release;
		};
		A5428973289CE332001873A5 /* Build configuration list for PBXNativeTarget "LandmarksTests" */ = {
			isa = XCConfigurationList;
			buildConfigurations = (
				A5428974289CE332001873A5 /* Debug */,
				A5428975289CE332001873A5 /* Release */,
			);
			defaultConfigurationIsVisible = 0;
			defaultConfigurationName = Release;
		};
		A5428976289CE332001873A5 /* Build configuration list for PBXNativeTarget "LandmarksUITests" */ = {
			isa = XCConfigurationList;
			buildConfigurations = (
				A5428977289CE332001873A5 /* Debug */,
				A5428978289CE332001873A5 /* Release */,
			);
			defaultConfigurationIsVisible = 0;
			defaultConfigurationName = Release;
		};
/* End XCConfigurationList section */
	};
	rootObject = A5428944289CE330001873A5 /* Project object */;
}
